
Microsoft Visual Studio Solution File, Format Version 12.00
# Visual Studio 14
VisualStudioVersion = 14.0.23107.0
MinimumVisualStudioVersion = 10.0.40219.1
Project("{FAE04EC0-301F-11D3-BF4B-00C04F79EFBC}") = "RudyBakers.Data", "RudyBakers.Data\RudyBakers.Data.csproj", "{2A8DA25F-7554-49DA-8B75-8747DA0D62B2}"
EndProject
Project("{2150E333-8FDC-42A3-9474-1A3956D46DE8}") = "PublishScripts", "PublishScripts", "{C91B82AD-86B2-4213-B980-6A444364AEBB}"
	ProjectSection(SolutionItems) = preProject
		PublishScripts\AzureVMPublishModule.psm1 = PublishScripts\AzureVMPublishModule.psm1
		PublishScripts\Publish-WebApplicationVM.ps1 = PublishScripts\Publish-WebApplicationVM.ps1
	EndProjectSection
EndProject
Project("{2150E333-8FDC-42A3-9474-1A3956D46DE8}") = "Configurations", "Configurations", "{C39D6FA9-4BC8-42F8-A065-25135C96714D}"
	ProjectSection(SolutionItems) = preProject
		PublishScripts\Configurations\RudyBakersControlCenter-WAWS-dev.json = PublishScripts\Configurations\RudyBakersControlCenter-WAWS-dev.json
		PublishScripts\Configurations\RudyBakersWeb-WAWS-dev.json = PublishScripts\Configurations\RudyBakersWeb-WAWS-dev.json
	EndProjectSection
EndProject
Project("{FAE04EC0-301F-11D3-BF4B-00C04F79EFBC}") = "RudyBakersControlCenter", "RudyBakersControlCenter\RudyBakersControlCenter\RudyBakersControlCenter.csproj", "{BC2BB8FD-25CE-475E-8EEA-933D6425B82B}"
EndProject
Global
	GlobalSection(SolutionConfigurationPlatforms) = preSolution
		Debug|Any CPU = Debug|Any CPU
		Release|Any CPU = Release|Any CPU
	EndGlobalSection
	GlobalSection(ProjectConfigurationPlatforms) = postSolution
		{2A8DA25F-7554-49DA-8B75-8747DA0D62B2}.Debug|Any CPU.ActiveCfg = Debug|Any CPU
		{2A8DA25F-7554-49DA-8B75-8747DA0D62B2}.Debug|Any CPU.Build.0 = Debug|Any CPU
		{2A8DA25F-7554-49DA-8B75-8747DA0D62B2}.Release|Any CPU.ActiveCfg = Release|Any CPU
		{2A8DA25F-7554-49DA-8B75-8747DA0D62B2}.Release|Any CPU.Build.0 = Release|Any CPU
		{BC2BB8FD-25CE-475E-8EEA-933D6425B82B}.Debug|Any CPU.ActiveCfg = Debug|Any CPU
		{BC2BB8FD-25CE-475E-8EEA-933D6425B82B}.Debug|Any CPU.Build.0 = Debug|Any CPU
		{BC2BB8FD-25CE-475E-8EEA-933D6425B82B}.Release|Any CPU.ActiveCfg = Release|Any CPU
		{BC2BB8FD-25CE-475E-8EEA-933D6425B82B}.Release|Any CPU.Build.0 = Release|Any CPU
	EndGlobalSection
	GlobalSection(SolutionProperties) = preSolution
		HideSolutionNode = FALSE
	EndGlobalSection
	GlobalSection(NestedProjects) = preSolution
		{C39D6FA9-4BC8-42F8-A065-25135C96714D} = {C91B82AD-86B2-4213-B980-6A444364AEBB}
	EndGlobalSection
EndGlobal
